lockVersion: 2.0.0
id: cfba989a-b509-4e9c-aa36-089ae99df94b
management:
  docChecksum: 80f3394dfe48f9663121e6a03f027f48
  docVersion: 1.0.1
  speakeasyVersion: internal
  generationVersion: 2.253.0
  releaseVersion: 0.11.1
  configChecksum: a2efbceade460f4735ba9afc22f78393
  repoURL: https://github.com/speakeasy-sdks/multi-auth-java.git
  repoSubDirectory: .
  published: true
features:
  java:
    core: 3.2.2
    globalSecurity: 2.81.2
    globalServerURLs: 2.82.1
    methodSecurity: 2.82.0
generatedFiles:
  - lib/src/main/java/com/example/MultipleAuthTester/SDKConfiguration.java
  - lib/src/main/java/com/example/MultipleAuthTester/Cars.java
  - lib/src/main/java/com/example/MultipleAuthTester/MultipleAuthTester.java
  - .gitattributes
  - gradle/wrapper/gradle-wrapper.jar
  - gradle/wrapper/gradle-wrapper.properties
  - gradlew
  - gradlew.bat
  - lib/build.gradle
  - lib/src/main/java/com/example/MultipleAuthTester/utils/DateTimeDeserializer.java
  - lib/src/main/java/com/example/MultipleAuthTester/utils/DateTimeSerializer.java
  - lib/src/main/java/com/example/MultipleAuthTester/utils/FormMetadata.java
  - lib/src/main/java/com/example/MultipleAuthTester/utils/HTTPClient.java
  - lib/src/main/java/com/example/MultipleAuthTester/utils/HTTPRequest.java
  - lib/src/main/java/com/example/MultipleAuthTester/utils/HeaderMetadata.java
  - lib/src/main/java/com/example/MultipleAuthTester/utils/JSON.java
  - lib/src/main/java/com/example/MultipleAuthTester/utils/Metadata.java
  - lib/src/main/java/com/example/MultipleAuthTester/utils/MultipartFormMetadata.java
  - lib/src/main/java/com/example/MultipleAuthTester/utils/PathParamsMetadata.java
  - lib/src/main/java/com/example/MultipleAuthTester/utils/QueryParameters.java
  - lib/src/main/java/com/example/MultipleAuthTester/utils/QueryParamsMetadata.java
  - lib/src/main/java/com/example/MultipleAuthTester/utils/RequestBody.java
  - lib/src/main/java/com/example/MultipleAuthTester/utils/RequestMetadata.java
  - lib/src/main/java/com/example/MultipleAuthTester/utils/Security.java
  - lib/src/main/java/com/example/MultipleAuthTester/utils/SecurityMetadata.java
  - lib/src/main/java/com/example/MultipleAuthTester/utils/SerializedBody.java
  - lib/src/main/java/com/example/MultipleAuthTester/utils/SpeakeasyHTTPClient.java
  - lib/src/main/java/com/example/MultipleAuthTester/utils/SpeakeasyHTTPSecurityClient.java
  - lib/src/main/java/com/example/MultipleAuthTester/utils/SpeakeasyMetadata.java
  - lib/src/main/java/com/example/MultipleAuthTester/utils/Types.java
  - lib/src/main/java/com/example/MultipleAuthTester/utils/Utils.java
  - settings.gradle
  - lib/src/main/java/com/example/MultipleAuthTester/models/operations/GetCarsByCNICRequest.java
  - lib/src/main/java/com/example/MultipleAuthTester/models/operations/GetCarsByCNICResponse.java
  - lib/src/main/java/com/example/MultipleAuthTester/models/operations/GetCarsByIdSecurity.java
  - lib/src/main/java/com/example/MultipleAuthTester/models/operations/GetCarsByIdRequest.java
  - lib/src/main/java/com/example/MultipleAuthTester/models/operations/GetCarsByIdResponse.java
  - lib/src/main/java/com/example/MultipleAuthTester/models/operations/GetCarsByNameSecurity.java
  - lib/src/main/java/com/example/MultipleAuthTester/models/operations/GetCarsByNameRequest.java
  - lib/src/main/java/com/example/MultipleAuthTester/models/operations/GetCarsByNameResponse.java
  - lib/src/main/java/com/example/MultipleAuthTester/models/shared/Car.java
  - lib/src/main/java/com/example/MultipleAuthTester/models/shared/ErrorModel.java
  - lib/src/main/java/com/example/MultipleAuthTester/models/shared/SchemeHTTPBasic.java
  - lib/src/main/java/com/example/MultipleAuthTester/models/shared/Security.java
  - docs/models/operations/GetCarsByCNICRequest.md
  - docs/models/operations/GetCarsByCNICResponse.md
  - docs/models/operations/GetCarsByIdSecurity.md
  - docs/models/operations/GetCarsByIdRequest.md
  - docs/models/operations/GetCarsByIdResponse.md
  - docs/models/operations/GetCarsByNameSecurity.md
  - docs/models/operations/GetCarsByNameRequest.md
  - docs/models/operations/GetCarsByNameResponse.md
  - docs/models/shared/Car.md
  - docs/models/shared/ErrorModel.md
  - docs/models/shared/SchemeHTTPBasic.md
  - docs/models/shared/Security.md
  - docs/sdks/multipleauthtester/README.md
  - docs/sdks/cars/README.md
  - USAGE.md
